// !$*UTF8*$!
{
	archiveVersion = 1;
	classes = {
	};
	objectVersion = 46;
	objects = {

/* Begin PBXBuildFile section */
		6B6D588C8E3F5F58E6E9BC31 /* Pods_MiniTokopedia.framework in Frameworks */ = {isa = PBXBuildFile; fileRef = 41BB82018AE4A9F775F6AF8B /* Pods_MiniTokopedia.framework */; };
		F231E9681F5B35E60030F689 /* ShopTypeViewController.swift in Sources */ = {isa = PBXBuildFile; fileRef = F231E9671F5B35E60030F689 /* ShopTypeViewController.swift */; };
		F251A8FE1F5ACC6A008540B6 /* FilterViewController.swift in Sources */ = {isa = PBXBuildFile; fileRef = F251A8FD1F5ACC6A008540B6 /* FilterViewController.swift */; };
		F2E77EBF1F5B12EB006A031A /* SearchParameters.swift in Sources */ = {isa = PBXBuildFile; fileRef = F2E77EBE1F5B12EB006A031A /* SearchParameters.swift */; };
		F2F7988E1F5966EE00F4AEA0 /* AppDelegate.swift in Sources */ = {isa = PBXBuildFile; fileRef = F2F7988D1F5966EE00F4AEA0 /* AppDelegate.swift */; };
		F2F798901F5966EE00F4AEA0 /* SearchViewController.swift in Sources */ = {isa = PBXBuildFile; fileRef = F2F7988F1F5966EE00F4AEA0 /* SearchViewController.swift */; };
		F2F798931F5966EE00F4AEA0 /* Main.storyboard in Resources */ = {isa = PBXBuildFile; fileRef = F2F798911F5966EE00F4AEA0 /* Main.storyboard */; };
		F2F798951F5966EE00F4AEA0 /* Assets.xcassets in Resources */ = {isa = PBXBuildFile; fileRef = F2F798941F5966EE00F4AEA0 /* Assets.xcassets */; };
		F2F798981F5966EE00F4AEA0 /* LaunchScreen.storyboard in Resources */ = {isa = PBXBuildFile; fileRef = F2F798961F5966EE00F4AEA0 /* LaunchScreen.storyboard */; };
		F2F798A01F596ACF00F4AEA0 /* NetworkManager.swift in Sources */ = {isa = PBXBuildFile; fileRef = F2F7989F1F596ACF00F4AEA0 /* NetworkManager.swift */; };
		F2F798A21F5A6C2200F4AEA0 /* Product.swift in Sources */ = {isa = PBXBuildFile; fileRef = F2F798A11F5A6C2200F4AEA0 /* Product.swift */; };
		F2F798A41F5A779200F4AEA0 /* ProductCollection.swift in Sources */ = {isa = PBXBuildFile; fileRef = F2F798A31F5A779200F4AEA0 /* ProductCollection.swift */; };
		F2F798A71F5A881C00F4AEA0 /* ProductViewCell.swift in Sources */ = {isa = PBXBuildFile; fileRef = F2F798A51F5A881C00F4AEA0 /* ProductViewCell.swift */; };
		F2F798A81F5A881C00F4AEA0 /* ProductViewCell.xib in Resources */ = {isa = PBXBuildFile; fileRef = F2F798A61F5A881C00F4AEA0 /* ProductViewCell.xib */; };
/* End PBXBuildFile section */

/* Begin PBXFileReference section */
		3DDE19801600B09CBAD0543F /* Pods-MiniTokopedia.debug.xcconfig */ = {isa = PBXFileReference; includeInIndex = 1; lastKnownFileType = text.xcconfig; name = "Pods-MiniTokopedia.debug.xcconfig"; path = "Pods/Target Support Files/Pods-MiniTokopedia/Pods-MiniTokopedia.debug.xcconfig"; sourceTree = "<group>"; };
		41BB82018AE4A9F775F6AF8B /* Pods_MiniTokopedia.framework */ = {isa = PBXFileReference; explicitFileType = wrapper.framework; includeInIndex = 0; path = Pods_MiniTokopedia.framework; sourceTree = BUILT_PRODUCTS_DIR; };
		ADC0053A735A8148DE2ABF04 /* Pods-MiniTokopedia.release.xcconfig */ = {isa = PBXFileReference; includeInIndex = 1; lastKnownFileType = text.xcconfig; name = "Pods-MiniTokopedia.release.xcconfig"; path = "Pods/Target Support Files/Pods-MiniTokopedia/Pods-MiniTokopedia.release.xcconfig"; sourceTree = "<group>"; };
		F231E9671F5B35E60030F689 /* ShopTypeViewController.swift */ = {isa = PBXFileReference; fileEncoding = 4; lastKnownFileType = sourcecode.swift; path = ShopTypeViewController.swift; sourceTree = "<group>"; };
		F251A8FD1F5ACC6A008540B6 /* FilterViewController.swift */ = {isa = PBXFileReference; fileEncoding = 4; lastKnownFileType = sourcecode.swift; path = FilterViewController.swift; sourceTree = "<group>"; };
		F2E77EBE1F5B12EB006A031A /* SearchParameters.swift */ = {isa = PBXFileReference; fileEncoding = 4; lastKnownFileType = sourcecode.swift; path = SearchParameters.swift; sourceTree = "<group>"; };
		F2F7988A1F5966EE00F4AEA0 /* MiniTokopedia.app */ = {isa = PBXFileReference; explicitFileType = wrapper.application; includeInIndex = 0; path = MiniTokopedia.app; sourceTree = BUILT_PRODUCTS_DIR; };
		F2F7988D1F5966EE00F4AEA0 /* AppDelegate.swift */ = {isa = PBXFileReference; lastKnownFileType = sourcecode.swift; path = AppDelegate.swift; sourceTree = "<group>"; };
		F2F7988F1F5966EE00F4AEA0 /* SearchViewController.swift */ = {isa = PBXFileReference; lastKnownFileType = sourcecode.swift; path = SearchViewController.swift; sourceTree = "<group>"; };
		F2F798921F5966EE00F4AEA0 /* Base */ = {isa = PBXFileReference; lastKnownFileType = file.storyboard; name = Base; path = Base.lproj/Main.storyboard; sourceTree = "<group>"; };
		F2F798941F5966EE00F4AEA0 /* Assets.xcassets */ = {isa = PBXFileReference; lastKnownFileType = folder.assetcatalog; path = Assets.xcassets; sourceTree = "<group>"; };
		F2F798971F5966EE00F4AEA0 /* Base */ = {isa = PBXFileReference; lastKnownFileType = file.storyboard; name = Base; path = Base.lproj/LaunchScreen.storyboard; sourceTree = "<group>"; };
		F2F798991F5966EE00F4AEA0 /* Info.plist */ = {isa = PBXFileReference; lastKnownFileType = text.plist.xml; path = Info.plist; sourceTree = "<group>"; };
		F2F7989F1F596ACF00F4AEA0 /* NetworkManager.swift */ = {isa = PBXFileReference; fileEncoding = 4; lastKnownFileType = sourcecode.swift; path = NetworkManager.swift; sourceTree = "<group>"; };
		F2F798A11F5A6C2200F4AEA0 /* Product.swift */ = {isa = PBXFileReference; fileEncoding = 4; lastKnownFileType = sourcecode.swift; path = Product.swift; sourceTree = "<group>"; };
		F2F798A31F5A779200F4AEA0 /* ProductCollection.swift */ = {isa = PBXFileReference; fileEncoding = 4; lastKnownFileType = sourcecode.swift; path = ProductCollection.swift; sourceTree = "<group>"; };
		F2F798A51F5A881C00F4AEA0 /* ProductViewCell.swift */ = {isa = PBXFileReference; fileEncoding = 4; lastKnownFileType = sourcecode.swift; name = ProductViewCell.swift; path = Views/ProductViewCell.swift; sourceTree = "<group>"; };
		F2F798A61F5A881C00F4AEA0 /* ProductViewCell.xib */ = {isa = PBXFileReference; fileEncoding = 4; lastKnownFileType = file.xib; name = ProductViewCell.xib; path = Views/ProductViewCell.xib; sourceTree = "<group>"; };
/* End PBXFileReference section */

/* Begin PBXFrameworksBuildPhase section */
		F2F798871F5966EE00F4AEA0 /* Frameworks */ = {
			isa = PBXFrameworksBuildPhase;
			buildActionMask = 2147483647;
			files = (
				6B6D588C8E3F5F58E6E9BC31 /* Pods_MiniTokopedia.framework in Frameworks */,
			);
			runOnlyForDeploymentPostprocessing = 0;
		};
/* End PBXFrameworksBuildPhase section */

/* Begin PBXGroup section */
		B1D1D67E41AA3C9B941E6CFB /* Frameworks */ = {
			isa = PBXGroup;
			children = (
				41BB82018AE4A9F775F6AF8B /* Pods_MiniTokopedia.framework */,
			);
			name = Frameworks;
			sourceTree = "<group>";
		};
		F251A8F91F5AAFBD008540B6 /* Models */ = {
			isa = PBXGroup;
			children = (
				F2F798A11F5A6C2200F4AEA0 /* Product.swift */,
				F2F798A31F5A779200F4AEA0 /* ProductCollection.swift */,
				F2E77EBE1F5B12EB006A031A /* SearchParameters.swift */,
			);
			name = Models;
			sourceTree = "<group>";
		};
		F251A8FC1F5ACC2A008540B6 /* ViewControllers */ = {
			isa = PBXGroup;
			children = (
				F2F7988F1F5966EE00F4AEA0 /* SearchViewController.swift */,
				F251A8FD1F5ACC6A008540B6 /* FilterViewController.swift */,
				F231E9671F5B35E60030F689 /* ShopTypeViewController.swift */,
			);
			name = ViewControllers;
			sourceTree = "<group>";
		};
		F2F798811F5966EE00F4AEA0 = {
			isa = PBXGroup;
			children = (
				F2F7988C1F5966EE00F4AEA0 /* MiniTokopedia */,
				F2F7988B1F5966EE00F4AEA0 /* Products */,
				FD91E591861040028F6BE95B /* Pods */,
				B1D1D67E41AA3C9B941E6CFB /* Frameworks */,
			);
			sourceTree = "<group>";
		};
		F2F7988B1F5966EE00F4AEA0 /* Products */ = {
			isa = PBXGroup;
			children = (
				F2F7988A1F5966EE00F4AEA0 /* MiniTokopedia.app */,
			);
			name = Products;
			sourceTree = "<group>";
		};
		F2F7988C1F5966EE00F4AEA0 /* MiniTokopedia */ = {
			isa = PBXGroup;
			children = (
				F2F7988D1F5966EE00F4AEA0 /* AppDelegate.swift */,
				F2F7989F1F596ACF00F4AEA0 /* NetworkManager.swift */,
				F251A8F91F5AAFBD008540B6 /* Models */,
				F2F798A91F5A882200F4AEA0 /* Views */,
				F251A8FC1F5ACC2A008540B6 /* ViewControllers */,
				F2F798911F5966EE00F4AEA0 /* Main.storyboard */,
				F2F798941F5966EE00F4AEA0 /* Assets.xcassets */,
				F2F798961F5966EE00F4AEA0 /* LaunchScreen.storyboard */,
				F2F798991F5966EE00F4AEA0 /* Info.plist */,
			);
			path = MiniTokopedia;
			sourceTree = "<group>";
		};
		F2F798A91F5A882200F4AEA0 /* Views */ = {
			isa = PBXGroup;
			children = (
				F2F798A51F5A881C00F4AEA0 /* ProductViewCell.swift */,
				F2F798A61F5A881C00F4AEA0 /* ProductViewCell.xib */,
			);
			name = Views;
			sourceTree = "<group>";
		};
		FD91E591861040028F6BE95B /* Pods */ = {
			isa = PBXGroup;
			children = (
				3DDE19801600B09CBAD0543F /* Pods-MiniTokopedia.debug.xcconfig */,
				ADC0053A735A8148DE2ABF04 /* Pods-MiniTokopedia.release.xcconfig */,
			);
			name = Pods;
			sourceTree = "<group>";
		};
/* End PBXGroup section */

/* Begin PBXNativeTarget section */
		F2F798891F5966EE00F4AEA0 /* MiniTokopedia */ = {
			isa = PBXNativeTarget;
			buildConfigurationList = F2F7989C1F5966EE00F4AEA0 /* Build configuration list for PBXNativeTarget "MiniTokopedia" */;
			buildPhases = (
				A99BB934025D27C8AA112765 /* [CP] Check Pods Manifest.lock */,
				F2F798861F5966EE00F4AEA0 /* Sources */,
				F2F798871F5966EE00F4AEA0 /* Frameworks */,
				F2F798881F5966EE00F4AEA0 /* Resources */,
				2D859A2E754EA01F079BC445 /* [CP] Embed Pods Frameworks */,
				0FCFEB172A324ABBB3E2576F /* [CP] Copy Pods Resources */,
			);
			buildRules = (
			);
			dependencies = (
			);
			name = MiniTokopedia;
			productName = MiniTokopedia;
			productReference = F2F7988A1F5966EE00F4AEA0 /* MiniTokopedia.app */;
			productType = "com.apple.product-type.application";
		};
/* End PBXNativeTarget section */

/* Begin PBXProject section */
		F2F798821F5966EE00F4AEA0 /* Project object */ = {
			isa = PBXProject;
			attributes = {
				LastSwiftUpdateCheck = 0830;
				LastUpgradeCheck = 0830;
				ORGANIZATIONNAME = Doni;
				TargetAttributes = {
					F2F798891F5966EE00F4AEA0 = {
						CreatedOnToolsVersion = 8.3.3;
						DevelopmentTeam = LZM8AWAX7J;
						ProvisioningStyle = Automatic;
					};
				};
			};
			buildConfigurationList = F2F798851F5966EE00F4AEA0 /* Build configuration list for PBXProject "MiniTokopedia" */;
			compatibilityVersion = "Xcode 3.2";
			developmentRegion = English;
			hasScannedForEncodings = 0;
			knownRegions = (
				en,
				Base,
			);
			mainGroup = F2F798811F5966EE00F4AEA0;
			productRefGroup = F2F7988B1F5966EE00F4AEA0 /* Products */;
			projectDirPath = "";
			projectRoot = "";
			targets = (
				F2F798891F5966EE00F4AEA0 /* MiniTokopedia */,
			);
		};
/* End PBXProject section */

/* Begin PBXResourcesBuildPhase section */
		F2F798881F5966EE00F4AEA0 /* Resources */ = {
			isa = PBXResourcesBuildPhase;
			buildActionMask = 2147483647;
			files = (
				F2F798981F5966EE00F4AEA0 /* LaunchScreen.storyboard in Resources */,
				F2F798951F5966EE00F4AEA0 /* Assets.xcassets in Resources */,
				F2F798A81F5A881C00F4AEA0 /* ProductViewCell.xib in Resources */,
				F2F798931F5966EE00F4AEA0 /* Main.storyboard in Resources */,
			);
			runOnlyForDeploymentPostprocessing = 0;
		};
/* End PBXResourcesBuildPhase section */

/* Begin PBXShellScriptBuildPhase section */
		0FCFEB172A324ABBB3E2576F /* [CP] Copy Pods Resources */ = {
			isa = PBXShellScriptBuildPhase;
			buildActionMask = 2147483647;
			files = (
			);
			inputPaths = (
			);
			name = "[CP] Copy Pods Resources";
			outputPaths = (
			);
			runOnlyForDeploymentPostprocessing = 0;
			shellPath = /bin/sh;
			shellScript = "\"${SRCROOT}/Pods/Target Support Files/Pods-MiniTokopedia/Pods-MiniTokopedia-resources.sh\"\n";
			showEnvVarsInLog = 0;
		};
		2D859A2E754EA01F079BC445 /* [CP] Embed Pods Frameworks */ = {
			isa = PBXShellScriptBuildPhase;
			buildActionMask = 2147483647;
			files = (
			);
			inputPaths = (
				"${SRCROOT}/Pods/Target Support Files/Pods-MiniTokopedia/Pods-MiniTokopedia-frameworks.sh",
				"${BUILT_PRODUCTS_DIR}/Alamofire/Alamofire.framework",
				"${BUILT_PRODUCTS_DIR}/AlamofireImage/AlamofireImage.framework",
				"${BUILT_PRODUCTS_DIR}/RangeSeekSlider/RangeSeekSlider.framework",
				"${BUILT_PRODUCTS_DIR}/SwiftyJSON/SwiftyJSON.framework",
			);
			name = "[CP] Embed Pods Frameworks";
			outputPaths = (
				"${TARGET_BUILD_DIR}/${FRAMEWORKS_FOLDER_PATH}/Alamofire.framework",
				"${TARGET_BUILD_DIR}/${FRAMEWORKS_FOLDER_PATH}/AlamofireImage.framework",
				"${TARGET_BUILD_DIR}/${FRAMEWORKS_FOLDER_PATH}/RangeSeekSlider.framework",
				"${TARGET_BUILD_DIR}/${FRAMEWORKS_FOLDER_PATH}/SwiftyJSON.framework",
			);
			runOnlyForDeploymentPostprocessing = 0;
			shellPath = /bin/sh;
			shellScript = "\"${SRCROOT}/Pods/Target Support Files/Pods-MiniTokopedia/Pods-MiniTokopedia-frameworks.sh\"\n";
			showEnvVarsInLog = 0;
		};
		A99BB934025D27C8AA112765 /* [CP] Check Pods Manifest.lock */ = {
			isa = PBXShellScriptBuildPhase;
			buildActionMask = 2147483647;
			files = (
			);
			inputPaths = (
				"${PODS_PODFILE_DIR_PATH}/Podfile.lock",
				"${PODS_ROOT}/Manifest.lock",
			);
			name = "[CP] Check Pods Manifest.lock";
			outputPaths = (
				"$(DERIVED_FILE_DIR)/Pods-MiniTokopedia-checkManifestLockResult.txt",
			);
			runOnlyForDeploymentPostprocessing = 0;
			shellPath = /bin/sh;
			shellScript = "diff \"${PODS_PODFILE_DIR_PATH}/Podfile.lock\" \"${PODS_ROOT}/Manifest.lock\" > /dev/null\nif [ $? != 0 ] ; then\n    # print error to STDERR\n    echo \"error: The sandbox is not in sync with the Podfile.lock. Run 'pod install' or update your CocoaPods installation.\" >&2\n    exit 1\nfi\n# This output is used by Xcode 'outputs' to avoid re-running this script phase.\necho \"SUCCESS\" > \"${SCRIPT_OUTPUT_FILE_0}\"\n";
			showEnvVarsInLog = 0;
		};
/* End PBXShellScriptBuildPhase section */

/* Begin PBXSourcesBuildPhase section */
		F2F798861F5966EE00F4AEA0 /* Sources */ = {
			isa = PBXSourcesBuildPhase;
			buildActionMask = 2147483647;
			files = (
				F251A8FE1F5ACC6A008540B6 /* FilterViewController.swift in Sources */,
				F2F798A01F596ACF00F4AEA0 /* NetworkManager.swift in Sources */,
				F2F798A21F5A6C2200F4AEA0 /* Product.swift in Sources */,
				F2E77EBF1F5B12EB006A031A /* SearchParameters.swift in Sources */,
				F2F798A71F5A881C00F4AEA0 /* ProductViewCell.swift in Sources */,
				F231E9681F5B35E60030F689 /* ShopTypeViewController.swift in Sources */,
				F2F798901F5966EE00F4AEA0 /* SearchViewController.swift in Sources */,
				F2F7988E1F5966EE00F4AEA0 /* AppDelegate.swift in Sources */,
				F2F798A41F5A779200F4AEA0 /* ProductCollection.swift in Sources */,
			);
			runOnlyForDeploymentPostprocessing = 0;
		};
/* End PBXSourcesBuildPhase section */

/* Begin PBXVariantGroup section */
		F2F798911F5966EE00F4AEA0 /* Main.storyboard */ = {
			isa = PBXVariantGroup;
			children = (
				F2F798921F5966EE00F4AEA0 /* Base */,
			);
			name = Main.storyboard;
			sourceTree = "<group>";
		};
		F2F798961F5966EE00F4AEA0 /* LaunchScreen.storyboard */ = {
			isa = PBXVariantGroup;
			children = (
				F2F798971F5966EE00F4AEA0 /* Base */,
			);
			name = LaunchScreen.storyboard;
			sourceTree = "<group>";
		};
/* End PBXVariantGroup section */

/* Begin XCBuildConfiguration section */
		F2F7989A1F5966EE00F4AEA0 /* Debug */ = {
			isa = XCBuildConfiguration;
			buildSettings = {
				ALWAYS_SEARCH_USER_PATHS = NO;
				CLANG_ANALYZER_NONNULL = YES;
				CLANG_ANALYZER_NUMBER_OBJECT_CONVERSION = YES_AGGRESSIVE;
				CLANG_CXX_LANGUAGE_STANDARD = "gnu++0x";
				CLANG_CXX_LIBRARY = "libc++";
				CLANG_ENABLE_MODULES = YES;
				CLANG_ENABLE_OBJC_ARC = YES;
				CLANG_WARN_BOOL_CONVERSION = YES;
				CLANG_WARN_CONSTANT_CONVERSION = YES;
				CLANG_WARN_DIRECT_OBJC_ISA_USAGE = YES_ERROR;
				CLANG_WARN_DOCUMENTATION_COMMENTS = YES;
				CLANG_WARN_EMPTY_BODY = YES;
				CLANG_WARN_ENUM_CONVERSION = YES;
				CLANG_WARN_INFINITE_RECURSION = YES;
				CLANG_WARN_INT_CONVERSION = YES;
				CLANG_WARN_OBJC_ROOT_CLASS = YES_ERROR;
				CLANG_WARN_SUSPICIOUS_MOVE = YES;
				CLANG_WARN_UNREACHABLE_CODE = YES;
				CLANG_WARN__DUPLICATE_METHOD_MATCH = YES;
				"CODE_SIGN_IDENTITY[sdk=iphoneos*]" = "iPhone Developer";
				COPY_PHASE_STRIP = NO;
				DEBUG_INFORMATION_FORMAT = dwarf;
				ENABLE_STRICT_OBJC_MSGSEND = YES;
				ENABLE_TESTABILITY = YES;
				GCC_C_LANGUAGE_STANDARD = gnu99;
				GCC_DYNAMIC_NO_PIC = NO;
				GCC_NO_COMMON_BLOCKS = YES;
				GCC_OPTIMIZATION_LEVEL = 0;
				GCC_PREPROCESSOR_DEFINITIONS = (
					"DEBUG=1",
					"$(inherited)",
				);
				GCC_WARN_64_TO_32_BIT_CONVERSION = YES;
				GCC_WARN_ABOUT_RETURN_TYPE = YES_ERROR;
				GCC_WARN_UNDECLARED_SELECTOR = YES;
				GCC_WARN_UNINITIALIZED_AUTOS = YES_AGGRESSIVE;
				GCC_WARN_UNUSED_FUNCTION = YES;
				GCC_WARN_UNUSED_VARIABLE = YES;
				IPHONEOS_DEPLOYMENT_TARGET = 10.3;
				MTL_ENABLE_DEBUG_INFO = YES;
				ONLY_ACTIVE_ARCH = YES;
				SDKROOT = iphoneos;
				SWIFT_ACTIVE_COMPILATION_CONDITIONS = DEBUG;
				SWIFT_OPTIMIZATION_LEVEL = "-Onone";
				TARGETED_DEVICE_FAMILY = "1,2";
			};
			name = Debug;
		};
		F2F7989B1F5966EE00F4AEA0 /* Release */ = {
			isa = XCBuildConfiguration;
			buildSettings = {
				ALWAYS_SEARCH_USER_PATHS = NO;
				CLANG_ANALYZER_NONNULL = YES;
				CLANG_ANALYZER_NUMBER_OBJECT_CONVERSION = YES_AGGRESSIVE;
				CLANG_CXX_LANGUAGE_STANDARD = "gnu++0x";
				CLANG_CXX_LIBRARY = "libc++";
				CLANG_ENABLE_MODULES = YES;
				CLANG_ENABLE_OBJC_ARC = YES;
				CLANG_WARN_BOOL_CONVERSION = YES;
				CLANG_WARN_CONSTANT_CONVERSION = YES;
				CLANG_WARN_DIRECT_OBJC_ISA_USAGE = YES_ERROR;
				CLANG_WARN_DOCUMENTATION_COMMENTS = YES;
				CLANG_WARN_EMPTY_BODY = YES;
				CLANG_WARN_ENUM_CONVERSION = YES;
				CLANG_WARN_INFINITE_RECURSION = YES;
				CLANG_WARN_INT_CONVERSION = YES;
				CLANG_WARN_OBJC_ROOT_CLASS = YES_ERROR;
				CLANG_WARN_SUSPICIOUS_MOVE = YES;
				CLANG_WARN_UNREACHABLE_CODE = YES;
				CLANG_WARN__DUPLICATE_METHOD_MATCH = YES;
				"CODE_SIGN_IDENTITY[sdk=iphoneos*]" = "iPhone Developer";
				COPY_PHASE_STRIP = NO;
				DEBUG_INFORMATION_FORMAT = "dwarf-with-dsym";
				ENABLE_NS_ASSERTIONS = NO;
				ENABLE_STRICT_OBJC_MSGSEND = YES;
				GCC_C_LANGUAGE_STANDARD = gnu99;
				GCC_NO_COMMON_BLOCKS = YES;
				GCC_WARN_64_TO_32_BIT_CONVERSION = YES;
				GCC_WARN_ABOUT_RETURN_TYPE = YES_ERROR;
				GCC_WARN_UNDECLARED_SELECTOR = YES;
				GCC_WARN_UNINITIALIZED_AUTOS = YES_AGGRESSIVE;
				GCC_WARN_UNUSED_FUNCTION = YES;
				GCC_WARN_UNUSED_VARIABLE = YES;
				IPHONEOS_DEPLOYMENT_TARGET = 10.3;
				MTL_ENABLE_DEBUG_INFO = NO;
				SDKROOT = iphoneos;
				SWIFT_OPTIMIZATION_LEVEL = "-Owholemodule";
				TARGETED_DEVICE_FAMILY = "1,2";
				VALIDATE_PRODUCT = YES;
			};
			name = Release;
		};
		F2F7989D1F5966EE00F4AEA0 /* Debug */ = {
			isa = XCBuildConfiguration;
			baseConfigurationReference = 3DDE19801600B09CBAD0543F /* Pods-MiniTokopedia.debug.xcconfig */;
			buildSettings = {
				ASSETCATALOG_COMPILER_APPICON_NAME = AppIcon;
				DEVELOPMENT_TEAM = LZM8AWAX7J;
				INFOPLIST_FILE = MiniTokopedia/Info.plist;
				IPHONEOS_DEPLOYMENT_TARGET = 10.3;
				LD_RUNPATH_SEARCH_PATHS = "$(inherited) @executable_path/Frameworks";
				PRODUCT_BUNDLE_IDENTIFIER = doni.MiniTokopedia;
				PRODUCT_NAME = "$(TARGET_NAME)";
				SWIFT_VERSION = 3.0;
			};
			name = Debug;
		};
		F2F7989E1F5966EE00F4AEA0 /* Release */ = {
			isa = XCBuildConfiguration;
			baseConfigurationReference = ADC0053A735A8148DE2ABF04 /* Pods-MiniTokopedia.release.xcconfig */;
			buildSettings = {
				ASSETCATALOG_COMPILER_APPICON_NAME = AppIcon;
				DEVELOPMENT_TEAM = LZM8AWAX7J;
				INFOPLIST_FILE = MiniTokopedia/Info.plist;
				IPHONEOS_DEPLOYMENT_TARGET = 10.3;
				LD_RUNPATH_SEARCH_PATHS = "$(inherited) @executable_path/Frameworks";
				PRODUCT_BUNDLE_IDENTIFIER = doni.MiniTokopedia;
				PRODUCT_NAME = "$(TARGET_NAME)";
				SWIFT_VERSION = 3.0;
			};
			name = Release;
		};
/* End XCBuildConfiguration section */

/* Begin XCConfigurationList section */
		F2F798851F5966EE00F4AEA0 /* Build configuration list for PBXProject "MiniTokopedia" */ = {
			isa = XCConfigurationList;
			buildConfigurations = (
				F2F7989A1F5966EE00F4AEA0 /* Debug */,
				F2F7989B1F5966EE00F4AEA0 /* Release */,
			);
			defaultConfigurationIsVisible = 0;
			defaultConfigurationName = Release;
		};
		F2F7989C1F5966EE00F4AEA0 /* Build configuration list for PBXNativeTarget "MiniTokopedia" */ = {
			isa = XCConfigurationList;
			buildConfigurations = (
				F2F7989D1F5966EE00F4AEA0 /* Debug */,
				F2F7989E1F5966EE00F4AEA0 /* Release */,
			);
			defaultConfigurationIsVisible = 0;
			defaultConfigurationName = Release;
		};
/* End XCConfigurationList section */
	};
	rootObject = F2F798821F5966EE00F4AEA0 /* Project object */;
}
